<?xml version="1.0" encoding="utf-8"?>
<Project ToolsVersion="4.0" xmlns="http://schemas.microsoft.com/developer/msbuild/2003">
  <ItemGroup>
    <ClInclude Include="framework.h" />
    <ClInclude Include="SDK.hpp">
      <Filter>SDK</Filter>
    </ClInclude>
    <ClInclude Include="Globals.h" />
    <ClInclude Include="Memory.h" />
    <ClInclude Include="GameMode.h">
      <Filter>Hooks</Filter>
    </ClInclude>
    <ClInclude Include="Server.h">
      <Filter>Server</Filter>
    </ClInclude>
    <ClInclude Include="Spawner.h" />
    <ClInclude Include="PlayerController.h">
      <Filter>Hooks</Filter>
    </ClInclude>
    <ClInclude Include="Inventory.h" />
    <ClInclude Include="GameHelper.h" />
    <ClInclude Include="Overlay.h" />
    <ClInclude Include="MinHook\include\MinHook.h">
      <Filter>MinHook</Filter>
    </ClInclude>
    <ClInclude Include="Pawn.h">
      <Filter>Hooks</Filter>
    </ClInclude>
    <ClInclude Include="Abilities.h">
      <Filter>Hooks</Filter>
    </ClInclude>
    <ClInclude Include="PropertyFixup.hpp">
      <Filter>SDK</Filter>
    </ClInclude>
    <ClInclude Include="FortWeapon.h">
      <Filter>Hooks</Filter>
    </ClInclude>
    <ClInclude Include="CheatChecker.h">
      <Filter>Hooks</Filter>
    </ClInclude>
    <ClInclude Include="FortPickup.h">
      <Filter>Hooks</Filter>
    </ClInclude>
    <ClInclude Include="HookingManager.h">
      <Filter>Managers</Filter>
    </ClInclude>
    <ClInclude Include="PlaylistManager.h">
      <Filter>Managers</Filter>
    </ClInclude>
    <ClInclude Include="SpectatingManager.h">
      <Filter>Managers</Filter>
    </ClInclude>
    <ClInclude Include="Offsets.h" />
    <ClInclude Include="UnrealContainers.hpp">
      <Filter>SDK</Filter>
    </ClInclude>
    <ClInclude Include="Async.h" />
    <ClInclude Include="LootManagerNew.h">
      <Filter>Managers</Filter>
    </ClInclude>
    <ClInclude Include="TestHooks.h">
      <Filter>Hooks</Filter>
    </ClInclude>
    <ClInclude Include="BuildingActor.h">
      <Filter>Hooks</Filter>
    </ClInclude>
    <ClInclude Include="Frame.h">
      <Filter>SDK</Filter>
    </ClInclude>
    <ClInclude Include="OutputDevice.h">
      <Filter>SDK</Filter>
    </ClInclude>
    <ClInclude Include="Color.hpp" />
    <ClInclude Include="QuestHandler.h">
      <Filter>Hooks</Filter>
    </ClInclude>
  </ItemGroup>
  <ItemGroup>
    <ClCompile Include="dllmain.cpp" />
    <ClCompile Include="SDK\Basic.cpp">
      <Filter>SDK</Filter>
    </ClCompile>
    <ClCompile Include="SDK\CoreUObject_functions.cpp">
      <Filter>SDK</Filter>
    </ClCompile>
    <ClCompile Include="SDK\Engine_functions.cpp">
      <Filter>SDK</Filter>
    </ClCompile>
    <ClCompile Include="SDK\FortniteGame_functions.cpp">
      <Filter>SDK</Filter>
    </ClCompile>
    <ClCompile Include="SDK\GameplayAbilities_functions.cpp">
      <Filter>SDK</Filter>
    </ClCompile>
    <ClCompile Include="imgui\imgui_widgets.cpp">
      <Filter>ImGUI</Filter>
    </ClCompile>
    <ClCompile Include="imgui\imgui.cpp">
      <Filter>ImGUI</Filter>
    </ClCompile>
    <ClCompile Include="imgui\imgui_demo.cpp">
      <Filter>ImGUI</Filter>
    </ClCompile>
    <ClCompile Include="imgui\imgui_draw.cpp">
      <Filter>ImGUI</Filter>
    </ClCompile>
    <ClCompile Include="imgui\imgui_impl_dx11.cpp">
      <Filter>ImGUI</Filter>
    </ClCompile>
    <ClCompile Include="imgui\imgui_impl_win32.cpp">
      <Filter>ImGUI</Filter>
    </ClCompile>
    <ClCompile Include="kiero\kiero.cpp">
      <Filter>Kiero</Filter>
    </ClCompile>
    <ClCompile Include="MinHook\src\trampoline.c">
      <Filter>MinHook</Filter>
    </ClCompile>
    <ClCompile Include="MinHook\src\hook.c">
      <Filter>MinHook</Filter>
    </ClCompile>
    <ClCompile Include="MinHook\src\hde\hde64.c">
      <Filter>MinHook</Filter>
    </ClCompile>
    <ClCompile Include="MinHook\src\hde\hde32.c">
      <Filter>MinHook</Filter>
    </ClCompile>
    <ClCompile Include="MinHook\src\buffer.c">
      <Filter>MinHook</Filter>
    </ClCompile>
  </ItemGroup>
  <ItemGroup>
    <Filter Include="SDK">
      <UniqueIdentifier>{70f80a54-22cc-4ec0-8ecb-2c4e7a23be6f}</UniqueIdentifier>
    </Filter>
    <Filter Include="Server">
      <UniqueIdentifier>{8baf4d42-711a-41a9-bbe2-e9afc30edb7e}</UniqueIdentifier>
    </Filter>
    <Filter Include="Hooks">
      <UniqueIdentifier>{396f76b9-bf87-4b93-9347-5dfc3f2fd3d2}</UniqueIdentifier>
    </Filter>
    <Filter Include="ImGUI">
      <UniqueIdentifier>{695646c7-1a68-4d28-92d0-59df899b6411}</UniqueIdentifier>
    </Filter>
    <Filter Include="Kiero">
      <UniqueIdentifier>{ea350e0a-6f44-440c-a657-3d3452886d48}</UniqueIdentifier>
    </Filter>
    <Filter Include="MinHook">
      <UniqueIdentifier>{c6c71508-fbf3-47fa-9786-d2f3aa53621d}</UniqueIdentifier>
    </Filter>
    <Filter Include="Managers">
      <UniqueIdentifier>{4b198c22-8802-42f0-aa4c-8b4eba5ef7f4}</UniqueIdentifier>
    </Filter>
    <Filter Include="UE4">
      <UniqueIdentifier>{87882816-c6e7-4226-a8f4-18964754df47}</UniqueIdentifier>
    </Filter>
  </ItemGroup>
</Project>